
Microsoft Visual Studio Solution File, Format Version 12.00
# Visual Studio Version 17
VisualStudioVersion = 17.6.33815.320
MinimumVisualStudioVersion = 10.0.40219.1
Project("{FAE04EC0-301F-11D3-BF4B-00C04F79EFBC}") = "WpfCRUD", "WpfCRUD\WpfCRUD.csproj", "{A0854017-A906-454A-BF40-A2B75ABD911E}"
EndProject
Global
	GlobalSection(SolutionConfigurationPlatforms) = preSolution
		Debug|Any CPU = Debug|Any CPU
		Release|Any CPU = Release|Any CPU
	EndGlobalSection
	GlobalSection(ProjectConfigurationPlatforms) = postSolution
		{A0854017-A906-454A-BF40-A2B75ABD911E}.Debug|Any CPU.ActiveCfg = Debug|Any CPU
		{A0854017-A906-454A-BF40-A2B75ABD911E}.Debug|Any CPU.Build.0 = Debug|Any CPU
		{A0854017-A906-454A-BF40-A2B75ABD911E}.Release|Any CPU.ActiveCfg = Release|Any CPU
		{A0854017-A906-454A-BF40-A2B75ABD911E}.Release|Any CPU.Build.0 = Release|Any CPU
	EndGlobalSection
	GlobalSection(SolutionProperties) = preSolution
		HideSolutionNode = FALSE
	EndGlobalSection
	GlobalSection(ExtensibilityGlobals) = postSolution
		SolutionGuid = {FD92E451-8499-4510-8620-799D8FF6B891}
	EndGlobalSection
EndGlobal
